# @generated - this file is auto-generated by `mise lock` https://mise.jdx.dev/dev-tools/mise-lock.html

lockfile_version = 2

[[tools.colima]]
version = "0.10.3"
backend = "aqua:abiosoft/colima"
specifiers = ["latest"]

[tools.colima."platforms.linux-arm64"]
checksum = "sha256:ebb69208007484ac36b8a6ba72a797189b0daa88f8b31bc2b563e82b9c91cb70"
url = "https://github.com/abiosoft/colima/releases/download/v0.10.3/colima-Linux-aarch64"
url_api = "https://api.github.com/repos/abiosoft/colima/releases/assets/438456730"

[tools.colima."platforms.linux-arm64-musl"]
checksum = "sha256:ebb69208007484ac36b8a6ba72a797189b0daa88f8b31bc2b563e82b9c91cb70"
url = "https://github.com/abiosoft/colima/releases/download/v0.10.3/colima-Linux-aarch64"
url_api = "https://api.github.com/repos/abiosoft/colima/releases/assets/438456730"

[tools.colima."platforms.linux-x64"]
checksum = "sha256:54ea35f4847815d0a1445dbc2bc3dd6469518a38a9e960449e96b044d248d00d"
url = "https://github.com/abiosoft/colima/releases/download/v0.10.3/colima-Linux-x86_64"
url_api = "https://api.github.com/repos/abiosoft/colima/releases/assets/438456720"

[tools.colima."platforms.linux-x64-musl"]
checksum = "sha256:54ea35f4847815d0a1445dbc2bc3dd6469518a38a9e960449e96b044d248d00d"
url = "https://github.com/abiosoft/colima/releases/download/v0.10.3/colima-Linux-x86_64"
url_api = "https://api.github.com/repos/abiosoft/colima/releases/assets/438456720"

[tools.colima."platforms.macos-arm64"]
checksum = "sha256:980ad8bf61a4ca370243f4cb41401a61276dcd2c2502bee7b9b86f9250169f34"
url = "https://github.com/abiosoft/colima/releases/download/v0.10.3/colima-Darwin-arm64"
url_api = "https://api.github.com/repos/abiosoft/colima/releases/assets/438456725"

[tools.colima."platforms.macos-x64"]
checksum = "sha256:3082737fe8a98afda11cba7d9a20b6e56fe80c6153464beda04bec630758770b"
url = "https://github.com/abiosoft/colima/releases/download/v0.10.3/colima-Darwin-x86_64"
url_api = "https://api.github.com/repos/abiosoft/colima/releases/assets/438456722"

[[tools.go]]
version = "1.27.1"
backend = "core:go"
specifiers = ["latest"]

[tools.go."platforms.linux-arm64"]
checksum = "sha256:3450b45a3f9ee8568792736a5c5e70a1f2e9b36c35a8f74958c03e51d7d92bec"
url = "https://dl.google.com/go/go1.27.1.linux-arm64.tar.gz"

[tools.go."platforms.linux-arm64-musl"]
checksum = "sha256:3450b45a3f9ee8568792736a5c5e70a1f2e9b36c35a8f74958c03e51d7d92bec"
url = "https://dl.google.com/go/go1.27.1.linux-arm64.tar.gz"

[tools.go."platforms.linux-x64"]
checksum = "sha256:63d339f0da5ab53635a56f2490a7984dfe12dfcff22ad749f63edaf590168445"
url = "https://dl.google.com/go/go1.27.1.linux-amd64.tar.gz"

[tools.go."platforms.linux-x64-musl"]
checksum = "sha256:63d339f0da5ab53635a56f2490a7984dfe12dfcff22ad749f63edaf590168445"
url = "https://dl.google.com/go/go1.27.1.linux-amd64.tar.gz"

[tools.go."platforms.macos-arm64"]
checksum = "sha256:ee215d57e0ec269c60cc9ceca68e6bda321ba9ee5afe24f4b0988703c2d87d12"
url = "https://dl.google.com/go/go1.27.1.darwin-arm64.tar.gz"

[tools.go."platforms.macos-x64"]
checksum = "sha256:8f8f52c6649542cf027bbc9b9c68d1ec042f9f34808a40413f0b8b3f66f3caa4"
url = "https://dl.google.com/go/go1.27.1.darwin-amd64.tar.gz"

[[tools.rust]]
version = "1.98.1"
backend = "core:rust"
specifiers = ["latest"]

[[tools.watchexec]]
version = "2.7.3"
backend = "aqua:watchexec/watchexec"
specifiers = ["latest"]

[tools.watchexec."platforms.linux-arm64"]
checksum = "sha256:02b3e2beddf96fef5fb2b88849902e3cf9e96da87968bdfb7a488700d64142cc"
url = "https://github.com/watchexec/watchexec/releases/download/v2.7.3/watchexec-2.7.3-aarch64-unknown-linux-gnu.tar.xz"
url_api = "https://api.github.com/repos/watchexec/watchexec/releases/assets/565495662"

[tools.watchexec."platforms.linux-arm64-musl"]
checksum = "sha256:80bd9acfc25e4035624d99585b2f920add5ecbdc0c732c4e42fa1451b63d80a5"
url = "https://github.com/watchexec/watchexec/releases/download/v2.7.3/watchexec-2.7.3-aarch64-unknown-linux-musl.tar.xz"
url_api = "https://api.github.com/repos/watchexec/watchexec/releases/assets/565495670"

[tools.watchexec."platforms.linux-x64"]
checksum = "sha256:8ace3a1d2e752d189f28b6766311d58f155ab977fae66aba60b111ec8aec2f64"
url = "https://github.com/watchexec/watchexec/releases/download/v2.7.3/watchexec-2.7.3-x86_64-unknown-linux-gnu.tar.xz"
url_api = "https://api.github.com/repos/watchexec/watchexec/releases/assets/565495660"

[tools.watchexec."platforms.linux-x64-musl"]
checksum = "sha256:b5bcd00ae3ebb53f7ea5d499fdf98bda14711589a7ecc0619e1847586beaa24d"
url = "https://github.com/watchexec/watchexec/releases/download/v2.7.3/watchexec-2.7.3-x86_64-unknown-linux-musl.tar.xz"
url_api = "https://api.github.com/repos/watchexec/watchexec/releases/assets/565495691"

[tools.watchexec."platforms.macos-arm64"]
checksum = "sha256:bb2a3acc02de5c64f87779fc0226274d47d79026c6df969c8c1034a110b2efad"
url = "https://github.com/watchexec/watchexec/releases/download/v2.7.3/watchexec-2.7.3-aarch64-apple-darwin.tar.xz"
url_api = "https://api.github.com/repos/watchexec/watchexec/releases/assets/565495664"

[tools.watchexec."platforms.macos-x64"]
checksum = "sha256:ddca28bbd6b219a14ffec4893d56dad2e29cfc8b3e47f49e275706c9af20b4c2"
url = "https://github.com/watchexec/watchexec/releases/download/v2.7.3/watchexec-2.7.3-x86_64-apple-darwin.tar.xz"
url_api = "https://api.github.com/repos/watchexec/watchexec/releases/assets/565495778"
